<?xml version="1.0" encoding="utf-8"?>
<Project ToolsVersion="4.0" xmlns="http://schemas.microsoft.com/developer/msbuild/2003">
  <ItemGroup>
    <Filter Include="Src">
      <UniqueIdentifier>{09b21642-200b-42c2-8eaa-794701d33030}</UniqueIdentifier>
    </Filter>
    <Filter Include="Src\Main">
      <UniqueIdentifier>{67ed9e7c-c739-4a5e-bfe9-2e5538fd97b2}</UniqueIdentifier>
    </Filter>
    <Filter Include="Src\SandboxApplication">
      <UniqueIdentifier>{25f087a4-24d2-4901-a8c3-82d7f07edb76}</UniqueIdentifier>
    </Filter>
    <Filter Include="App Config">
      <UniqueIdentifier>{713c60f4-8c88-4d28-8933-7ad4507836e0}</UniqueIdentifier>
    </Filter>
  </ItemGroup>
  <ItemGroup>
    <ClCompile Include="..\Main\SandboxMain.cpp">
      <Filter>Src\Main</Filter>
    </ClCompile>
    <ClCompile Include="..\Application\SandboxApplication.cpp">
      <Filter>Src\SandboxApplication</Filter>
    </ClCompile>
  </ItemGroup>
  <ItemGroup>
    <ClInclude Include="..\Application\SandboxApplication.h">
      <Filter>Src\SandboxApplication</Filter>
    </ClInclude>
    <ClInclude Include="..\App Config\AppConfig.h">
      <Filter>App Config</Filter>
    </ClInclude>
  </ItemGroup>
</Project>