<?xml version="1.0" encoding="utf-8"?>
<Project ToolsVersion="4.0" xmlns="http://schemas.microsoft.com/developer/msbuild/2003">
  <ItemGroup>
    <Filter Include="Src">
      <UniqueIdentifier>{9fed1b46-d8c3-4d59-9c81-e420b2c2ece2}</UniqueIdentifier>
    </Filter>
    <Filter Include="Src\Main">
      <UniqueIdentifier>{202e27de-3ffe-4d54-8ff8-000124fcc3fd}</UniqueIdentifier>
    </Filter>
    <Filter Include="Src\Application">
      <UniqueIdentifier>{9e01e7fd-e18d-46e8-8ddb-738942fd056f}</UniqueIdentifier>
    </Filter>
    <Filter Include="Src\Utils">
      <UniqueIdentifier>{1cf84165-d8e1-4b58-96b9-aaf59b949e0c}</UniqueIdentifier>
    </Filter>
    <Filter Include="Src\Utils\GameTimer">
      <UniqueIdentifier>{c115b14e-d84a-4cfa-a491-82eed54ad57a}</UniqueIdentifier>
    </Filter>
    <Filter Include="Src\Graphics">
      <UniqueIdentifier>{e50f110a-07b2-4089-a4f6-8babcaf9a3c4}</UniqueIdentifier>
    </Filter>
    <Filter Include="Src\Graphics\Manager">
      <UniqueIdentifier>{3e240ec2-235b-48a7-9083-dc046111c077}</UniqueIdentifier>
    </Filter>
    <Filter Include="Engine Config">
      <UniqueIdentifier>{aa0a4e36-46de-4e53-a751-0736d5414f9c}</UniqueIdentifier>
    </Filter>
    <Filter Include="Src\Application\Win32">
      <UniqueIdentifier>{d1f6bf8c-0647-42d6-a357-02623365cd93}</UniqueIdentifier>
    </Filter>
    <Filter Include="Src\Debug">
      <UniqueIdentifier>{89c77d83-7144-43cf-a5cb-3ac50a0f107b}</UniqueIdentifier>
    </Filter>
    <Filter Include="Src\Debug\Log">
      <UniqueIdentifier>{6445d5da-54d6-40bf-a64a-aab0d830d03e}</UniqueIdentifier>
    </Filter>
    <Filter Include="Src\Graphics\Manager\Vulkan">
      <UniqueIdentifier>{f53f4e19-2eb4-4795-b20d-53b7f0106b41}</UniqueIdentifier>
    </Filter>
    <Filter Include="Src\OSWindow">
      <UniqueIdentifier>{2562fa0d-6943-443c-9bd6-cc851fca91d2}</UniqueIdentifier>
    </Filter>
    <Filter Include="Src\OSWindow\Win32">
      <UniqueIdentifier>{6e138a38-d601-44fb-8533-3052e1538775}</UniqueIdentifier>
    </Filter>
    <Filter Include="Src\Rendering">
      <UniqueIdentifier>{de7b93c8-d802-4fc2-bc19-d73b467f2c47}</UniqueIdentifier>
    </Filter>
    <Filter Include="Src\Geometry">
      <UniqueIdentifier>{3b1b2047-d2f3-4272-88b1-33751e74ceea}</UniqueIdentifier>
    </Filter>
    <Filter Include="Src\Geometry\Mesh">
      <UniqueIdentifier>{c65af4e6-3987-46d4-856e-648fbaac77db}</UniqueIdentifier>
    </Filter>
    <Filter Include="Src\Graphics\Device">
      <UniqueIdentifier>{9e462ca7-1017-476d-ad01-e608a0358e34}</UniqueIdentifier>
    </Filter>
    <Filter Include="Src\Graphics\Instance">
      <UniqueIdentifier>{baedc1f3-01fd-42af-8c88-13b7fd96b00b}</UniqueIdentifier>
    </Filter>
    <Filter Include="Src\Graphics\Swapchain">
      <UniqueIdentifier>{dfe4a73a-2419-4a12-a7e1-74b58fc4675d}</UniqueIdentifier>
    </Filter>
    <Filter Include="Src\Graphics\Device\Vulkan">
      <UniqueIdentifier>{a37828ea-7a56-4a86-8e83-e281663e7007}</UniqueIdentifier>
    </Filter>
    <Filter Include="Src\Graphics\Instance\Vulkan">
      <UniqueIdentifier>{309d3a13-42bb-43d3-afec-329221dc4b70}</UniqueIdentifier>
    </Filter>
    <Filter Include="Src\Graphics\Swapchain\Vulkan">
      <UniqueIdentifier>{d74f35f8-4c50-4996-b4a8-a48161386f0d}</UniqueIdentifier>
    </Filter>
    <Filter Include="Src\Graphics\RenderCommand Buffer">
      <UniqueIdentifier>{0c3498ef-741f-4808-b876-5958805ed517}</UniqueIdentifier>
    </Filter>
    <Filter Include="Src\Graphics\RenderCommand Buffer\Vulkan">
      <UniqueIdentifier>{332ff3d7-1728-42e8-bde5-a7e6c1264c1e}</UniqueIdentifier>
    </Filter>
    <Filter Include="Src\Graphics\CommandBufferPool">
      <UniqueIdentifier>{9224023b-e6e5-4862-8ad5-59d6ae3dd2fb}</UniqueIdentifier>
    </Filter>
    <Filter Include="Src\Graphics\CommandBufferPool\Vulkan">
      <UniqueIdentifier>{8c181b43-7fc0-4bec-a3a5-b6373d786f13}</UniqueIdentifier>
    </Filter>
    <Filter Include="Includes">
      <UniqueIdentifier>{f41ecde8-b268-4638-b8d8-379945c6bac4}</UniqueIdentifier>
    </Filter>
    <Filter Include="Src\Graphics\CommandQueue">
      <UniqueIdentifier>{37e547fe-28ac-40b1-a234-2ce13a8f7125}</UniqueIdentifier>
    </Filter>
    <Filter Include="Src\Graphics\CommandQueue\Vulkan">
      <UniqueIdentifier>{30a259c7-af51-4745-9202-3e9a7a330095}</UniqueIdentifier>
    </Filter>
    <Filter Include="Src\Graphics\CommandQueueFamily">
      <UniqueIdentifier>{b714c320-519e-4284-b142-17436f87c3c9}</UniqueIdentifier>
    </Filter>
    <Filter Include="Src\Graphics\CommandQueueFamily\Vulkan">
      <UniqueIdentifier>{dd8e3959-023b-4db4-854c-3154cb452e0c}</UniqueIdentifier>
    </Filter>
    <Filter Include="Src\Rendering\DepthTexture">
      <UniqueIdentifier>{d42e626a-974b-4f93-981b-033fc6b1a3e4}</UniqueIdentifier>
    </Filter>
    <Filter Include="Src\Rendering\DepthTexture\Vulkan">
      <UniqueIdentifier>{a9967bb6-2465-4014-b370-4e4d900a5fe1}</UniqueIdentifier>
    </Filter>
    <Filter Include="Src\Graphics\DeviceMemoryStore">
      <UniqueIdentifier>{bbb94d0e-4ca4-4998-ba34-b16e84087d78}</UniqueIdentifier>
    </Filter>
    <Filter Include="Src\Graphics\DeviceMemoryStore\Vulkan">
      <UniqueIdentifier>{9983b6b1-907e-42a6-95ef-410ab733de90}</UniqueIdentifier>
    </Filter>
    <Filter Include="Src\Graphics\DeviceMemoryBlock">
      <UniqueIdentifier>{991cbdfb-7142-4d98-9304-743983d54674}</UniqueIdentifier>
    </Filter>
    <Filter Include="Src\Graphics\DeviceMemoryBlock\Vulkan">
      <UniqueIdentifier>{acdcc7a9-29b5-4962-9d0f-19ba71f106c6}</UniqueIdentifier>
    </Filter>
    <Filter Include="Src\Graphics\DeviceMemoryAllocator">
      <UniqueIdentifier>{252245cb-3b2d-4c33-841e-ab3febe506e7}</UniqueIdentifier>
    </Filter>
    <Filter Include="Src\Graphics\DeviceMemoryAllocator\Vulkan">
      <UniqueIdentifier>{e5170116-ac18-4c3b-b52d-91180ce61fe7}</UniqueIdentifier>
    </Filter>
    <Filter Include="Src\Statics">
      <UniqueIdentifier>{48f0701c-46b4-43bd-a57b-83fa4f29cd75}</UniqueIdentifier>
    </Filter>
    <Filter Include="Src\Statics\Vulkan">
      <UniqueIdentifier>{e6bc3afb-9af4-45a5-b320-5cd7f82a1aed}</UniqueIdentifier>
    </Filter>
    <Filter Include="Src\Rendering\VertexBuffer">
      <UniqueIdentifier>{cd6cac99-493f-4076-b70a-1c1612598101}</UniqueIdentifier>
    </Filter>
    <Filter Include="Src\Rendering\VertexBuffer\Vulkan">
      <UniqueIdentifier>{a39eaa15-8827-4307-b0db-0b0eb026b5b6}</UniqueIdentifier>
    </Filter>
    <Filter Include="Src\Graphics\RenderPass">
      <UniqueIdentifier>{fff8b7e4-b395-437b-9256-7a99091ed895}</UniqueIdentifier>
    </Filter>
    <Filter Include="Src\Graphics\Framebuffer">
      <UniqueIdentifier>{cb536b60-b52e-49e2-b72a-e7a8e22861b6}</UniqueIdentifier>
    </Filter>
    <Filter Include="Src\Graphics\RenderPass\Vulkan">
      <UniqueIdentifier>{d760af0a-3b3a-419a-9f6b-21e2fd905af0}</UniqueIdentifier>
    </Filter>
    <Filter Include="Src\Graphics\Framebuffer\Vulkan">
      <UniqueIdentifier>{8477e42a-7840-4eb7-a04a-f2dab05d7f61}</UniqueIdentifier>
    </Filter>
    <Filter Include="Src\Graphics\Shader">
      <UniqueIdentifier>{4a9ff3a9-0162-4c3d-8128-11cb58fa1d09}</UniqueIdentifier>
    </Filter>
    <Filter Include="Src\Graphics\Shader\Vulkan">
      <UniqueIdentifier>{cb482f13-6b04-402f-a42f-ed6bd6ec918a}</UniqueIdentifier>
    </Filter>
    <Filter Include="Src\Graphics\GraphicsPipelineState">
      <UniqueIdentifier>{91065eb9-f4fc-4860-9d61-fcf38356a7ae}</UniqueIdentifier>
    </Filter>
    <Filter Include="Src\Graphics\GraphicsPipelineState\Vulkan">
      <UniqueIdentifier>{1cf74fe2-f7ae-4ecb-8672-543ec7e55ed3}</UniqueIdentifier>
    </Filter>
    <Filter Include="Src\Graphics\GraphicsPipelineCache">
      <UniqueIdentifier>{db3a36be-8d05-4599-82be-91f9c7fe0867}</UniqueIdentifier>
    </Filter>
    <Filter Include="Src\Graphics\GraphicsPipelineCache\Vulkan">
      <UniqueIdentifier>{3a3eadc4-9c28-4029-b8a7-c7fb159e1ddf}</UniqueIdentifier>
    </Filter>
    <Filter Include="Src\Graphics\Program">
      <UniqueIdentifier>{ed8ffa1f-f71e-4313-ad7e-c623860c7ec3}</UniqueIdentifier>
    </Filter>
    <Filter Include="Src\Graphics\Program\Vulkan">
      <UniqueIdentifier>{d3966a75-1ac8-4f03-ab95-e79b41787fae}</UniqueIdentifier>
    </Filter>
    <Filter Include="Src\Graphics\RenderPassInstance">
      <UniqueIdentifier>{f186faa0-8d96-445f-9569-42ba182f7d0c}</UniqueIdentifier>
    </Filter>
    <Filter Include="Src\Graphics\RenderPassInstance\Vulkan">
      <UniqueIdentifier>{72f4a496-1ea2-4816-8b2a-2195dec702f4}</UniqueIdentifier>
    </Filter>
    <Filter Include="Src\Rendering\IndexBuffer">
      <UniqueIdentifier>{6da952ad-8aaf-4a5e-ad7e-940aaf2f3c4e}</UniqueIdentifier>
    </Filter>
    <Filter Include="Src\Rendering\IndexBuffer\Vulkan">
      <UniqueIdentifier>{45821f1c-9b64-42a2-b826-9ec32263eb59}</UniqueIdentifier>
    </Filter>
    <Filter Include="Src\Graphics\DescriptorPool">
      <UniqueIdentifier>{dbd22b46-8022-48a0-b113-0571bb7a1b58}</UniqueIdentifier>
    </Filter>
    <Filter Include="Src\Graphics\DescriptorPool\Vulkan">
      <UniqueIdentifier>{3da138d0-1b6e-4b84-bd19-f34629010647}</UniqueIdentifier>
    </Filter>
    <Filter Include="Src\Graphics\DescriptorSet">
      <UniqueIdentifier>{7e4db5c7-4d2c-4ef2-9bf5-5c63da984883}</UniqueIdentifier>
    </Filter>
    <Filter Include="Src\Graphics\DescriptorSet\Vulkan">
      <UniqueIdentifier>{f2fca217-979b-443d-89b5-58d2b4468e4d}</UniqueIdentifier>
    </Filter>
    <Filter Include="Src\Graphics\DescriptorBinding">
      <UniqueIdentifier>{268f859a-1027-4988-b5ab-3bbddd8aff6d}</UniqueIdentifier>
    </Filter>
    <Filter Include="Src\Graphics\DescriptorBinding\Vulkan">
      <UniqueIdentifier>{4c917c13-144c-4329-b84a-74abe18c3122}</UniqueIdentifier>
    </Filter>
    <Filter Include="Src\Graphics\GraphicsPipelineLayout">
      <UniqueIdentifier>{c2fb79bf-ae64-4277-bc2a-aa64e5da8cee}</UniqueIdentifier>
    </Filter>
    <Filter Include="Src\Graphics\GraphicsPipelineLayout\Vulkan">
      <UniqueIdentifier>{b9b2d20d-e7ca-4b63-ba97-0812d47c0a02}</UniqueIdentifier>
    </Filter>
    <Filter Include="Src\Rendering\UniformBuffer">
      <UniqueIdentifier>{5a7805e1-ae85-4b56-9971-63cff16c5d1b}</UniqueIdentifier>
    </Filter>
    <Filter Include="Src\Rendering\UniformBuffer\Vulkan">
      <UniqueIdentifier>{9b943bda-6a28-415c-a815-357de2dba8c7}</UniqueIdentifier>
    </Filter>
    <Filter Include="Src\Graphics\PushConstantBinding">
      <UniqueIdentifier>{f8027433-e25f-4d01-8073-5102f1a86af0}</UniqueIdentifier>
    </Filter>
    <Filter Include="Src\Graphics\PushConstantBinding\Vulkan">
      <UniqueIdentifier>{2287036b-02f9-4511-a637-46895debba38}</UniqueIdentifier>
    </Filter>
    <Filter Include="Src\Graphics\StagingBuffer">
      <UniqueIdentifier>{a4770c35-4423-4981-af9d-3c732d3f9e38}</UniqueIdentifier>
    </Filter>
    <Filter Include="Src\Rendering\Sampler2D">
      <UniqueIdentifier>{7c5e93c6-d578-40ea-9fbd-f367e7b5e895}</UniqueIdentifier>
    </Filter>
    <Filter Include="Src\Graphics\SamplerState">
      <UniqueIdentifier>{51667316-3cd8-4d5f-a684-1a26d44a312a}</UniqueIdentifier>
    </Filter>
    <Filter Include="Src\Graphics\SamplerState\Vulkan">
      <UniqueIdentifier>{646c4561-101f-4971-89a6-a264803d5c37}</UniqueIdentifier>
    </Filter>
    <Filter Include="Src\Graphics\DepthStencilState">
      <UniqueIdentifier>{5b2fc5cd-abce-4a4a-b4c5-b88fb92ba9a5}</UniqueIdentifier>
    </Filter>
    <Filter Include="Src\Graphics\InputAssemblyState">
      <UniqueIdentifier>{9cfb83ee-9f86-4046-9ef3-9b72ce932a13}</UniqueIdentifier>
    </Filter>
    <Filter Include="Src\Rendering\_Base">
      <UniqueIdentifier>{5e9eed5a-3e51-4cdf-8004-ea23a7232de8}</UniqueIdentifier>
    </Filter>
    <Filter Include="Src\Rendering\_Base\Resource">
      <UniqueIdentifier>{c86645b4-d777-4edc-9ecc-b6edf96048cf}</UniqueIdentifier>
    </Filter>
    <Filter Include="Src\Rendering\_Base\Resource\Vulkan">
      <UniqueIdentifier>{19184592-7d00-42ef-84ea-d87bd40bb361}</UniqueIdentifier>
    </Filter>
    <Filter Include="Src\Rendering\_Base\Buffer">
      <UniqueIdentifier>{02e05e44-7cae-4d0f-bf55-293b94e6e43f}</UniqueIdentifier>
    </Filter>
    <Filter Include="Src\Rendering\_Base\Buffer\Vulkan">
      <UniqueIdentifier>{9bae62ab-831b-4f21-a70c-7384f22a33dd}</UniqueIdentifier>
    </Filter>
    <Filter Include="Src\Rendering\_Base\Texture">
      <UniqueIdentifier>{f388de51-4e07-43be-baef-ab931599c5ae}</UniqueIdentifier>
    </Filter>
    <Filter Include="Src\Rendering\_Base\Texture\Vulkan">
      <UniqueIdentifier>{9ff536c0-5ae1-41d6-8699-dd8e68559be7}</UniqueIdentifier>
    </Filter>
    <Filter Include="Src\Rendering\_Other">
      <UniqueIdentifier>{19c64364-8aae-405f-a295-ea8c8fb81862}</UniqueIdentifier>
    </Filter>
    <Filter Include="Src\Rendering\_Other\DrawableObject">
      <UniqueIdentifier>{b97a2d8b-5944-4967-9385-f97274370ca2}</UniqueIdentifier>
    </Filter>
    <Filter Include="Src\Rendering\_Other\DrawableObject\Vulkan">
      <UniqueIdentifier>{dfa78f86-7b06-4133-bf4c-d3f67a64d62e}</UniqueIdentifier>
    </Filter>
    <Filter Include="Src\Rendering\Sampler2D\Vulkan">
      <UniqueIdentifier>{537595d3-b414-46f2-bec8-24400f4984d3}</UniqueIdentifier>
    </Filter>
    <Filter Include="Src\3rdParty">
      <UniqueIdentifier>{b1910c79-cc8d-4fe2-8855-b491ab57ffff}</UniqueIdentifier>
    </Filter>
    <Filter Include="Src\3rdParty\LodePNG">
      <UniqueIdentifier>{ad10e84a-92ab-4c93-bbd5-2c02fa67c1b7}</UniqueIdentifier>
    </Filter>
  </ItemGroup>
  <ItemGroup>
    <ClCompile Include="..\Main\EngineMain.cpp">
      <Filter>Src\Main</Filter>
    </ClCompile>
    <ClCompile Include="..\Utils\GameTimer\GameTimer.cpp">
      <Filter>Src\Utils\GameTimer</Filter>
    </ClCompile>
    <ClCompile Include="..\Application\Win32\Win32Application.cpp">
      <Filter>Src\Application\Win32</Filter>
    </ClCompile>
    <ClCompile Include="..\Debug\Log\DebugLog.cpp">
      <Filter>Src\Debug\Log</Filter>
    </ClCompile>
    <ClCompile Include="..\Graphics\Manager\Vulkan\VulkanGraphicsManager.cpp">
      <Filter>Src\Graphics\Manager\Vulkan</Filter>
    </ClCompile>
    <ClCompile Include="..\OSWindow\Win32\Win32OSWindow.cpp">
      <Filter>Src\OSWindow\Win32</Filter>
    </ClCompile>
    <ClCompile Include="..\Graphics\Swapchain\Vulkan\VulkanSwapchain.cpp">
      <Filter>Src\Graphics\Swapchain\Vulkan</Filter>
    </ClCompile>
    <ClCompile Include="..\Graphics\Device\Vulkan\VulkanRenderDevice.cpp">
      <Filter>Src\Graphics\Device\Vulkan</Filter>
    </ClCompile>
    <ClCompile Include="..\Graphics\Instance\Vulkan\VulkanRenderInstance.cpp">
      <Filter>Src\Graphics\Instance\Vulkan</Filter>
    </ClCompile>
    <ClCompile Include="..\Graphics\RenderCommandBuffer\Vulkan\VulkanRenderCommandBuffer.cpp">
      <Filter>Src\Graphics\RenderCommand Buffer\Vulkan</Filter>
    </ClCompile>
    <ClCompile Include="..\Graphics\CommandBufferPool\Vulkan\VulkanCommandBufferPool.cpp">
      <Filter>Src\Graphics\CommandBufferPool\Vulkan</Filter>
    </ClCompile>
    <ClCompile Include="..\Graphics\CommandQueueFamily\Vulkan\VulkanCommandQueueFamily.cpp">
      <Filter>Src\Graphics\CommandQueueFamily\Vulkan</Filter>
    </ClCompile>
    <ClCompile Include="..\Graphics\CommandQueue\Vulkan\VulkanCommandQueue.cpp">
      <Filter>Src\Graphics\CommandQueue\Vulkan</Filter>
    </ClCompile>
    <ClCompile Include="..\Rendering\DepthTexture\Vulkan\VulkanDepthTexture.cpp">
      <Filter>Src\Rendering\DepthTexture\Vulkan</Filter>
    </ClCompile>
    <ClCompile Include="..\Graphics\Manager\GraphicsManager.cpp">
      <Filter>Src\Graphics\Manager</Filter>
    </ClCompile>
    <ClCompile Include="..\Graphics\DeviceMemoryStore\Vulkan\VulkanDeviceMemoryStore.cpp">
      <Filter>Src\Graphics\DeviceMemoryStore\Vulkan</Filter>
    </ClCompile>
    <ClCompile Include="..\Graphics\DeviceMemoryBlock\Vulkan\VulkanDeviceMemoryBlock.cpp">
      <Filter>Src\Graphics\DeviceMemoryBlock\Vulkan</Filter>
    </ClCompile>
    <ClCompile Include="..\Graphics\DeviceMemoryAllocator\Vulkan\VulkanDeviceMemoryAllocator.cpp">
      <Filter>Src\Graphics\DeviceMemoryAllocator\Vulkan</Filter>
    </ClCompile>
    <ClCompile Include="..\Rendering\Resource\Vulkan\VulkanResource.cpp">
      <Filter>Src\Rendering\_Base\Resource\Vulkan</Filter>
    </ClCompile>
    <ClCompile Include="..\Rendering\Texture\Vulkan\VulkanTexture.cpp">
      <Filter>Src\Rendering\_Base\Texture\Vulkan</Filter>
    </ClCompile>
    <ClCompile Include="..\Statics\Vulkan\VulkanStatics.cpp">
      <Filter>Src\Statics\Vulkan</Filter>
    </ClCompile>
    <ClCompile Include="..\Rendering\Buffer\Vulkan\VulkanBuffer.cpp">
      <Filter>Src\Rendering\_Base\Buffer\Vulkan</Filter>
    </ClCompile>
    <ClCompile Include="..\Rendering\VertexBuffer\Vulkan\VulkanVertexBuffer.cpp">
      <Filter>Src\Rendering\VertexBuffer\Vulkan</Filter>
    </ClCompile>
    <ClCompile Include="..\Graphics\RenderPass\Vulkan\VulkanRenderPass.cpp">
      <Filter>Src\Graphics\RenderPass\Vulkan</Filter>
    </ClCompile>
    <ClCompile Include="..\Graphics\Framebuffer\Vulkan\VulkanFramebuffer.cpp">
      <Filter>Src\Graphics\Framebuffer\Vulkan</Filter>
    </ClCompile>
    <ClCompile Include="..\Graphics\Shader\Vulkan\VulkanShader.cpp">
      <Filter>Src\Graphics\Shader\Vulkan</Filter>
    </ClCompile>
    <ClCompile Include="..\Graphics\GraphicsPipelineState\Vulkan\VulkanGraphicsPipelineState.cpp">
      <Filter>Src\Graphics\GraphicsPipelineState\Vulkan</Filter>
    </ClCompile>
    <ClCompile Include="..\Graphics\GraphicsPipelineCache\Vulkan\VulkanGraphicsPipelineCache.cpp">
      <Filter>Src\Graphics\GraphicsPipelineCache\Vulkan</Filter>
    </ClCompile>
    <ClCompile Include="..\Graphics\Program\Vulkan\VulkanProgram.cpp">
      <Filter>Src\Graphics\Program\Vulkan</Filter>
    </ClCompile>
    <ClCompile Include="..\Rendering\DrawableObject\Vulkan\VulkanDrawableObject.cpp">
      <Filter>Src\Rendering\_Other\DrawableObject\Vulkan</Filter>
    </ClCompile>
    <ClCompile Include="..\Graphics\RenderPassInstance\Vulkan\VulkanRenderPassInstance.cpp">
      <Filter>Src\Graphics\RenderPassInstance\Vulkan</Filter>
    </ClCompile>
    <ClCompile Include="..\Rendering\IndexBuffer\Vulkan\VulkanIndexBuffer.cpp">
      <Filter>Src\Rendering\IndexBuffer\Vulkan</Filter>
    </ClCompile>
    <ClCompile Include="..\Graphics\DescriptorPool\Vulkan\VulkanDescriptorPool.cpp">
      <Filter>Src\Graphics\DescriptorPool\Vulkan</Filter>
    </ClCompile>
    <ClCompile Include="..\Graphics\DescriptorSet\Vulkan\VulkanDescriptorSet.cpp">
      <Filter>Src\Graphics\DescriptorSet\Vulkan</Filter>
    </ClCompile>
    <ClCompile Include="..\Graphics\DescriptorBinding\Vulkan\VulkanDescriptorBinding.cpp">
      <Filter>Src\Graphics\DescriptorBinding\Vulkan</Filter>
    </ClCompile>
    <ClCompile Include="..\Graphics\GraphicsPipelineLayout\Vulkan\VulkanGraphicsPipelineLayout.cpp">
      <Filter>Src\Graphics\GraphicsPipelineLayout\Vulkan</Filter>
    </ClCompile>
    <ClCompile Include="..\Rendering\UniformBuffer\Vulkan\VulkanUniformBuffer.cpp">
      <Filter>Src\Rendering\UniformBuffer\Vulkan</Filter>
    </ClCompile>
    <ClCompile Include="..\Graphics\PushConstantBinding\Vulkan\VulkanPushConstantBinding.cpp">
      <Filter>Src\Graphics\PushConstantBinding\Vulkan</Filter>
    </ClCompile>
    <ClCompile Include="..\Graphics\SamplerState\Vulkan\VulkanSamplerState.cpp">
      <Filter>Src\Graphics\SamplerState\Vulkan</Filter>
    </ClCompile>
    <ClCompile Include="..\Rendering\Sampler2D\Vulkan\VulkanSampler2D.cpp">
      <Filter>Src\Rendering\Sampler2D\Vulkan</Filter>
    </ClCompile>
    <ClCompile Include="..\3rdParty\LodePNG\lodepng.cpp">
      <Filter>Src\3rdParty\LodePNG</Filter>
    </ClCompile>
  </ItemGroup>
  <ItemGroup>
    <ClInclude Include="..\Main\EngineStd.h">
      <Filter>Src\Main</Filter>
    </ClInclude>
    <ClInclude Include="..\Application\Application.h">
      <Filter>Src\Application</Filter>
    </ClInclude>
    <ClInclude Include="..\Utils\GameTimer\GameTimer.h">
      <Filter>Src\Utils\GameTimer</Filter>
    </ClInclude>
    <ClInclude Include="..\Config\EngineConfig.h">
      <Filter>Engine Config</Filter>
    </ClInclude>
    <ClInclude Include="..\Application\Win32\Win32Application.h">
      <Filter>Src\Application\Win32</Filter>
    </ClInclude>
    <ClInclude Include="..\Debug\Log\DebugLog.h">
      <Filter>Src\Debug\Log</Filter>
    </ClInclude>
    <ClInclude Include="..\Graphics\Manager\GraphicsManager.h">
      <Filter>Src\Graphics\Manager</Filter>
    </ClInclude>
    <ClInclude Include="..\Graphics\Manager\Vulkan\VulkanGraphicsManager.h">
      <Filter>Src\Graphics\Manager\Vulkan</Filter>
    </ClInclude>
    <ClInclude Include="..\Config\VulkanConfig.h">
      <Filter>Engine Config</Filter>
    </ClInclude>
    <ClInclude Include="..\Config\Win32Config.h">
      <Filter>Engine Config</Filter>
    </ClInclude>
    <ClInclude Include="..\OSWindow\Win32\Win32OSWindow.h">
      <Filter>Src\OSWindow\Win32</Filter>
    </ClInclude>
    <ClInclude Include="..\Graphics\Swapchain\Vulkan\VulkanSwapchain.h">
      <Filter>Src\Graphics\Swapchain\Vulkan</Filter>
    </ClInclude>
    <ClInclude Include="..\Graphics\Device\RenderDevice.h">
      <Filter>Src\Graphics\Device</Filter>
    </ClInclude>
    <ClInclude Include="..\Graphics\Device\Vulkan\VulkanRenderDevice.h">
      <Filter>Src\Graphics\Device\Vulkan</Filter>
    </ClInclude>
    <ClInclude Include="..\Graphics\Instance\Vulkan\VulkanRenderInstance.h">
      <Filter>Src\Graphics\Instance\Vulkan</Filter>
    </ClInclude>
    <ClInclude Include="..\Graphics\Instance\RenderInstance.h">
      <Filter>Src\Graphics\Instance</Filter>
    </ClInclude>
    <ClInclude Include="..\Graphics\Swapchain\Swapchain.h">
      <Filter>Src\Graphics\Swapchain</Filter>
    </ClInclude>
    <ClInclude Include="..\Graphics\RenderCommandBuffer\RenderCommandBuffer.h">
      <Filter>Src\Graphics\RenderCommand Buffer</Filter>
    </ClInclude>
    <ClInclude Include="..\Graphics\RenderCommandBuffer\Vulkan\VulkanRenderCommandBuffer.h">
      <Filter>Src\Graphics\RenderCommand Buffer\Vulkan</Filter>
    </ClInclude>
    <ClInclude Include="..\Graphics\CommandBufferPool\Vulkan\VulkanCommandBufferPool.h">
      <Filter>Src\Graphics\CommandBufferPool\Vulkan</Filter>
    </ClInclude>
    <ClInclude Include="..\Graphics\CommandBufferPool\CommandBufferPool.h">
      <Filter>Src\Graphics\CommandBufferPool</Filter>
    </ClInclude>
    <ClInclude Include="..\Includes\GraphicsIncludes.h">
      <Filter>Includes</Filter>
    </ClInclude>
    <ClInclude Include="..\Graphics\CommandQueueFamily\CommandQueueFamily.h">
      <Filter>Src\Graphics\CommandQueueFamily</Filter>
    </ClInclude>
    <ClInclude Include="..\Graphics\CommandQueueFamily\Vulkan\VulkanCommandQueueFamily.h">
      <Filter>Src\Graphics\CommandQueueFamily\Vulkan</Filter>
    </ClInclude>
    <ClInclude Include="..\Graphics\CommandQueue\CommandQueue.h">
      <Filter>Src\Graphics\CommandQueue</Filter>
    </ClInclude>
    <ClInclude Include="..\Graphics\CommandQueue\Vulkan\VulkanCommandQueue.h">
      <Filter>Src\Graphics\CommandQueue\Vulkan</Filter>
    </ClInclude>
    <ClInclude Include="..\Rendering\DepthTexture\Vulkan\VulkanDepthTexture.h">
      <Filter>Src\Rendering\DepthTexture\Vulkan</Filter>
    </ClInclude>
    <ClInclude Include="..\Rendering\DepthTexture\DepthTexture.h">
      <Filter>Src\Rendering\DepthTexture</Filter>
    </ClInclude>
    <ClInclude Include="..\Config\GraphicsConfig.h">
      <Filter>Engine Config</Filter>
    </ClInclude>
    <ClInclude Include="..\Graphics\DeviceMemoryStore\Vulkan\VulkanDeviceMemoryStore.h">
      <Filter>Src\Graphics\DeviceMemoryStore\Vulkan</Filter>
    </ClInclude>
    <ClInclude Include="..\Graphics\DeviceMemoryStore\DeviceMemoryStore.h">
      <Filter>Src\Graphics\DeviceMemoryStore</Filter>
    </ClInclude>
    <ClInclude Include="..\Graphics\DeviceMemoryBlock\Vulkan\VulkanDeviceMemoryBlock.h">
      <Filter>Src\Graphics\DeviceMemoryBlock\Vulkan</Filter>
    </ClInclude>
    <ClInclude Include="..\Graphics\DeviceMemoryBlock\DeviceMemoryBlock.h">
      <Filter>Src\Graphics\DeviceMemoryBlock</Filter>
    </ClInclude>
    <ClInclude Include="..\Graphics\DeviceMemoryAllocator\Vulkan\VulkanDeviceMemoryAllocator.h">
      <Filter>Src\Graphics\DeviceMemoryAllocator\Vulkan</Filter>
    </ClInclude>
    <ClInclude Include="..\Graphics\DeviceMemoryAllocator\DeviceMemoryAllocator.h">
      <Filter>Src\Graphics\DeviceMemoryAllocator</Filter>
    </ClInclude>
    <ClInclude Include="..\OSWindow\OSWindow.h">
      <Filter>Src\OSWindow</Filter>
    </ClInclude>
    <ClInclude Include="..\Rendering\Resource\Vulkan\VulkanResource.h">
      <Filter>Src\Rendering\_Base\Resource\Vulkan</Filter>
    </ClInclude>
    <ClInclude Include="..\Rendering\Texture\Vulkan\VulkanTexture.h">
      <Filter>Src\Rendering\_Base\Texture\Vulkan</Filter>
    </ClInclude>
    <ClInclude Include="..\Rendering\Texture\Texture.h">
      <Filter>Src\Rendering\_Base\Texture</Filter>
    </ClInclude>
    <ClInclude Include="..\Rendering\Resource\Resource.h">
      <Filter>Src\Rendering\_Base\Resource</Filter>
    </ClInclude>
    <ClInclude Include="..\Statics\Vulkan\VulkanStatics.h">
      <Filter>Src\Statics\Vulkan</Filter>
    </ClInclude>
    <ClInclude Include="..\Rendering\Buffer\Vulkan\VulkanBuffer.h">
      <Filter>Src\Rendering\_Base\Buffer\Vulkan</Filter>
    </ClInclude>
    <ClInclude Include="..\Rendering\Buffer\Buffer.h">
      <Filter>Src\Rendering\_Base\Buffer</Filter>
    </ClInclude>
    <ClInclude Include="..\Rendering\VertexBuffer\Vulkan\VulkanVertexBuffer.h">
      <Filter>Src\Rendering\VertexBuffer\Vulkan</Filter>
    </ClInclude>
    <ClInclude Include="..\Rendering\VertexBuffer\VertexBuffer.h">
      <Filter>Src\Rendering\VertexBuffer</Filter>
    </ClInclude>
    <ClInclude Include="..\Includes\RenderingIncludes.h">
      <Filter>Includes</Filter>
    </ClInclude>
    <ClInclude Include="..\Graphics\RenderPass\Vulkan\VulkanRenderPass.h">
      <Filter>Src\Graphics\RenderPass\Vulkan</Filter>
    </ClInclude>
    <ClInclude Include="..\Graphics\RenderPass\RenderPass.h">
      <Filter>Src\Graphics\RenderPass</Filter>
    </ClInclude>
    <ClInclude Include="..\Graphics\Framebuffer\Vulkan\VulkanFramebuffer.h">
      <Filter>Src\Graphics\Framebuffer\Vulkan</Filter>
    </ClInclude>
    <ClInclude Include="..\Graphics\Framebuffer\Framebuffer.h">
      <Filter>Src\Graphics\Framebuffer</Filter>
    </ClInclude>
    <ClInclude Include="..\Graphics\Shader\Vulkan\VulkanShader.h">
      <Filter>Src\Graphics\Shader\Vulkan</Filter>
    </ClInclude>
    <ClInclude Include="..\Graphics\Shader\Shader.h">
      <Filter>Src\Graphics\Shader</Filter>
    </ClInclude>
    <ClInclude Include="..\Graphics\GraphicsPipelineState\Vulkan\VulkanGraphicsPipelineState.h">
      <Filter>Src\Graphics\GraphicsPipelineState\Vulkan</Filter>
    </ClInclude>
    <ClInclude Include="..\Graphics\GraphicsPipelineState\GraphicsPipelineState.h">
      <Filter>Src\Graphics\GraphicsPipelineState</Filter>
    </ClInclude>
    <ClInclude Include="..\Graphics\GraphicsPipelineCache\Vulkan\VulkanGraphicsPipelineCache.h">
      <Filter>Src\Graphics\GraphicsPipelineCache\Vulkan</Filter>
    </ClInclude>
    <ClInclude Include="..\Graphics\GraphicsPipelineCache\GraphicsPipelineCache.h">
      <Filter>Src\Graphics\GraphicsPipelineCache</Filter>
    </ClInclude>
    <ClInclude Include="..\Graphics\Program\Vulkan\VulkanProgram.h">
      <Filter>Src\Graphics\Program\Vulkan</Filter>
    </ClInclude>
    <ClInclude Include="..\Graphics\Program\Program.h">
      <Filter>Src\Graphics\Program</Filter>
    </ClInclude>
    <ClInclude Include="..\Rendering\DrawableObject\Vulkan\VulkanDrawableObject.h">
      <Filter>Src\Rendering\_Other\DrawableObject\Vulkan</Filter>
    </ClInclude>
    <ClInclude Include="..\Rendering\DrawableObject\DrawableObject.h">
      <Filter>Src\Rendering\_Other\DrawableObject</Filter>
    </ClInclude>
    <ClInclude Include="..\Graphics\RenderPassInstance\Vulkan\VulkanRenderPassInstance.h">
      <Filter>Src\Graphics\RenderPassInstance\Vulkan</Filter>
    </ClInclude>
    <ClInclude Include="..\Graphics\RenderPassInstance\RenderPassInstance.h">
      <Filter>Src\Graphics\RenderPassInstance</Filter>
    </ClInclude>
    <ClInclude Include="..\Rendering\IndexBuffer\Vulkan\VulkanIndexBuffer.h">
      <Filter>Src\Rendering\IndexBuffer\Vulkan</Filter>
    </ClInclude>
    <ClInclude Include="..\Rendering\IndexBuffer\IndexBuffer.h">
      <Filter>Src\Rendering\IndexBuffer</Filter>
    </ClInclude>
    <ClInclude Include="..\Graphics\DescriptorPool\Vulkan\VulkanDescriptorPool.h">
      <Filter>Src\Graphics\DescriptorPool\Vulkan</Filter>
    </ClInclude>
    <ClInclude Include="..\Graphics\DescriptorPool\DescriptorPool.h">
      <Filter>Src\Graphics\DescriptorPool</Filter>
    </ClInclude>
    <ClInclude Include="..\Graphics\DescriptorSet\Vulkan\VulkanDescriptorSet.h">
      <Filter>Src\Graphics\DescriptorSet\Vulkan</Filter>
    </ClInclude>
    <ClInclude Include="..\Graphics\DescriptorSet\DescriptorSet.h">
      <Filter>Src\Graphics\DescriptorSet</Filter>
    </ClInclude>
    <ClInclude Include="..\Graphics\DescriptorBinding\Vulkan\VulkanDescriptorBinding.h">
      <Filter>Src\Graphics\DescriptorBinding\Vulkan</Filter>
    </ClInclude>
    <ClInclude Include="..\Graphics\DescriptorBinding\DescriptorBinding.h">
      <Filter>Src\Graphics\DescriptorBinding</Filter>
    </ClInclude>
    <ClInclude Include="..\Graphics\GraphicsPipelineLayout\Vulkan\VulkanGraphicsPipelineLayout.h">
      <Filter>Src\Graphics\GraphicsPipelineLayout\Vulkan</Filter>
    </ClInclude>
    <ClInclude Include="..\Graphics\GraphicsPipelineLayout\GraphicsPipelineLayout.h">
      <Filter>Src\Graphics\GraphicsPipelineLayout</Filter>
    </ClInclude>
    <ClInclude Include="..\Rendering\UniformBuffer\Vulkan\VulkanUniformBuffer.h">
      <Filter>Src\Rendering\UniformBuffer\Vulkan</Filter>
    </ClInclude>
    <ClInclude Include="..\Rendering\UniformBuffer\UniformBuffer.h">
      <Filter>Src\Rendering\UniformBuffer</Filter>
    </ClInclude>
    <ClInclude Include="..\Graphics\PushConstantBinding\Vulkan\VulkanPushConstantBinding.h">
      <Filter>Src\Graphics\PushConstantBinding\Vulkan</Filter>
    </ClInclude>
    <ClInclude Include="..\Graphics\PushConstantBinding\PushConstantBinding.h">
      <Filter>Src\Graphics\PushConstantBinding</Filter>
    </ClInclude>
    <ClInclude Include="..\Graphics\SamplerState\SamplerState.h">
      <Filter>Src\Graphics\SamplerState</Filter>
    </ClInclude>
    <ClInclude Include="..\Graphics\SamplerState\Vulkan\VulkanSamplerState.h">
      <Filter>Src\Graphics\SamplerState\Vulkan</Filter>
    </ClInclude>
    <ClInclude Include="..\Rendering\Sampler2D\Vulkan\VulkanSampler2D.h">
      <Filter>Src\Rendering\Sampler2D\Vulkan</Filter>
    </ClInclude>
    <ClInclude Include="..\Rendering\Sampler2D\Sampler2D.h">
      <Filter>Src\Rendering\Sampler2D</Filter>
    </ClInclude>
    <ClInclude Include="..\3rdParty\LodePNG\lodepng.h">
      <Filter>Src\3rdParty\LodePNG</Filter>
    </ClInclude>
  </ItemGroup>
</Project>