<?xml version="1.0" encoding="utf-8"?>
<Project ToolsVersion="4.0" xmlns="http://schemas.microsoft.com/developer/msbuild/2003">
  <ItemGroup>
    <Filter Include="Src">
      <UniqueIdentifier>{9fed1b46-d8c3-4d59-9c81-e420b2c2ece2}</UniqueIdentifier>
    </Filter>
    <Filter Include="Src\Main">
      <UniqueIdentifier>{202e27de-3ffe-4d54-8ff8-000124fcc3fd}</UniqueIdentifier>
    </Filter>
    <Filter Include="Src\Application">
      <UniqueIdentifier>{9e01e7fd-e18d-46e8-8ddb-738942fd056f}</UniqueIdentifier>
    </Filter>
    <Filter Include="Src\Utils">
      <UniqueIdentifier>{1cf84165-d8e1-4b58-96b9-aaf59b949e0c}</UniqueIdentifier>
    </Filter>
    <Filter Include="Src\Utils\GameTimer">
      <UniqueIdentifier>{c115b14e-d84a-4cfa-a491-82eed54ad57a}</UniqueIdentifier>
    </Filter>
    <Filter Include="Src\Graphics">
      <UniqueIdentifier>{e50f110a-07b2-4089-a4f6-8babcaf9a3c4}</UniqueIdentifier>
    </Filter>
    <Filter Include="Src\Graphics\Manager">
      <UniqueIdentifier>{3e240ec2-235b-48a7-9083-dc046111c077}</UniqueIdentifier>
    </Filter>
    <Filter Include="Engine Config">
      <UniqueIdentifier>{aa0a4e36-46de-4e53-a751-0736d5414f9c}</UniqueIdentifier>
    </Filter>
    <Filter Include="Src\Application\Orbis">
      <UniqueIdentifier>{f7fef0e1-2ad4-4ed3-abcf-3e32b4909408}</UniqueIdentifier>
    </Filter>
    <Filter Include="Src\Application\Win32">
      <UniqueIdentifier>{d1f6bf8c-0647-42d6-a357-02623365cd93}</UniqueIdentifier>
    </Filter>
    <Filter Include="Src\Application\Common">
      <UniqueIdentifier>{f48f99c7-8357-4ff5-8bd5-9ecf987d70dd}</UniqueIdentifier>
    </Filter>
    <Filter Include="Src\Debug">
      <UniqueIdentifier>{89c77d83-7144-43cf-a5cb-3ac50a0f107b}</UniqueIdentifier>
    </Filter>
    <Filter Include="Src\Debug\Log">
      <UniqueIdentifier>{6445d5da-54d6-40bf-a64a-aab0d830d03e}</UniqueIdentifier>
    </Filter>
    <Filter Include="Src\Graphics\Manager\Common">
      <UniqueIdentifier>{ef3f3f46-5729-43e9-bbb4-b0968d41ca4f}</UniqueIdentifier>
    </Filter>
    <Filter Include="Src\Graphics\Manager\Vulkan">
      <UniqueIdentifier>{f53f4e19-2eb4-4795-b20d-53b7f0106b41}</UniqueIdentifier>
    </Filter>
    <Filter Include="Src\Graphics\Manager\GNM">
      <UniqueIdentifier>{c511a193-4021-4e12-b1fe-499827dba984}</UniqueIdentifier>
    </Filter>
    <Filter Include="Src\Graphics\Manager\D3D11">
      <UniqueIdentifier>{3fce95ef-9e82-4726-90ed-1c1fafd15511}</UniqueIdentifier>
    </Filter>
    <Filter Include="Src\Graphics\Manager\D3D12">
      <UniqueIdentifier>{ec829b90-319f-4fbf-af81-76d08e88dddf}</UniqueIdentifier>
    </Filter>
    <Filter Include="Src\Graphics\Manager\OpenGL">
      <UniqueIdentifier>{98b17905-1015-45c4-bf12-3fcd83cdb90d}</UniqueIdentifier>
    </Filter>
    <Filter Include="Src\OSWindow">
      <UniqueIdentifier>{2562fa0d-6943-443c-9bd6-cc851fca91d2}</UniqueIdentifier>
    </Filter>
    <Filter Include="Src\OSWindow\Common">
      <UniqueIdentifier>{eedd0a88-e881-4cd3-b8c9-9ce522c8ea10}</UniqueIdentifier>
    </Filter>
    <Filter Include="Src\OSWindow\Win32">
      <UniqueIdentifier>{6e138a38-d601-44fb-8533-3052e1538775}</UniqueIdentifier>
    </Filter>
    <Filter Include="Src\Rendering">
      <UniqueIdentifier>{de7b93c8-d802-4fc2-bc19-d73b467f2c47}</UniqueIdentifier>
    </Filter>
    <Filter Include="Src\Rendering\Texture2D">
      <UniqueIdentifier>{f388de51-4e07-43be-baef-ab931599c5ae}</UniqueIdentifier>
    </Filter>
    <Filter Include="Src\Rendering\Shader">
      <UniqueIdentifier>{7cb17b67-6878-4c9b-ad59-3eae43fc7276}</UniqueIdentifier>
    </Filter>
    <Filter Include="Src\Geometry">
      <UniqueIdentifier>{3b1b2047-d2f3-4272-88b1-33751e74ceea}</UniqueIdentifier>
    </Filter>
    <Filter Include="Src\Geometry\Mesh">
      <UniqueIdentifier>{c65af4e6-3987-46d4-856e-648fbaac77db}</UniqueIdentifier>
    </Filter>
    <Filter Include="Src\Graphics\Device">
      <UniqueIdentifier>{9e462ca7-1017-476d-ad01-e608a0358e34}</UniqueIdentifier>
    </Filter>
    <Filter Include="Src\Graphics\Instance">
      <UniqueIdentifier>{baedc1f3-01fd-42af-8c88-13b7fd96b00b}</UniqueIdentifier>
    </Filter>
    <Filter Include="Src\Graphics\Swapchain">
      <UniqueIdentifier>{dfe4a73a-2419-4a12-a7e1-74b58fc4675d}</UniqueIdentifier>
    </Filter>
    <Filter Include="Src\Graphics\Device\Common">
      <UniqueIdentifier>{e206d4b9-8a62-467b-85b9-832a86baa154}</UniqueIdentifier>
    </Filter>
    <Filter Include="Src\Graphics\Device\Vulkan">
      <UniqueIdentifier>{a37828ea-7a56-4a86-8e83-e281663e7007}</UniqueIdentifier>
    </Filter>
    <Filter Include="Src\Graphics\Instance\Common">
      <UniqueIdentifier>{3c0b7c2d-98ea-41aa-8721-77dee1a91755}</UniqueIdentifier>
    </Filter>
    <Filter Include="Src\Graphics\Instance\Vulkan">
      <UniqueIdentifier>{309d3a13-42bb-43d3-afec-329221dc4b70}</UniqueIdentifier>
    </Filter>
    <Filter Include="Src\Graphics\Swapchain\Common">
      <UniqueIdentifier>{fb769883-8972-4d6d-a0b2-9060ef019f41}</UniqueIdentifier>
    </Filter>
    <Filter Include="Src\Graphics\Swapchain\Vulkan">
      <UniqueIdentifier>{d74f35f8-4c50-4996-b4a8-a48161386f0d}</UniqueIdentifier>
    </Filter>
    <Filter Include="Src\Graphics\Device\D3D11">
      <UniqueIdentifier>{de675bb7-e700-46e3-aa44-50a572727398}</UniqueIdentifier>
    </Filter>
    <Filter Include="Src\Graphics\Instance\D3D11">
      <UniqueIdentifier>{f8936347-35ca-4059-a8e4-b1212be2f750}</UniqueIdentifier>
    </Filter>
    <Filter Include="Src\Graphics\Swapchain\D3D11">
      <UniqueIdentifier>{d7ab9dee-cbc9-4b74-af52-5f504f7311da}</UniqueIdentifier>
    </Filter>
    <Filter Include="Src\Graphics\RenderCommand Buffer">
      <UniqueIdentifier>{0c3498ef-741f-4808-b876-5958805ed517}</UniqueIdentifier>
    </Filter>
    <Filter Include="Src\Graphics\RenderCommand Buffer\Vulkan">
      <UniqueIdentifier>{332ff3d7-1728-42e8-bde5-a7e6c1264c1e}</UniqueIdentifier>
    </Filter>
    <Filter Include="Src\Graphics\RenderCommand Buffer\Common">
      <UniqueIdentifier>{413981c0-bb92-439a-b4db-03067f889973}</UniqueIdentifier>
    </Filter>
    <Filter Include="Src\Graphics\CommandBufferPool">
      <UniqueIdentifier>{9224023b-e6e5-4862-8ad5-59d6ae3dd2fb}</UniqueIdentifier>
    </Filter>
    <Filter Include="Src\Graphics\CommandBufferPool\Common">
      <UniqueIdentifier>{11a5db8b-6b2c-4253-89ca-04bdf7a37989}</UniqueIdentifier>
    </Filter>
    <Filter Include="Src\Graphics\CommandBufferPool\Vulkan">
      <UniqueIdentifier>{8c181b43-7fc0-4bec-a3a5-b6373d786f13}</UniqueIdentifier>
    </Filter>
    <Filter Include="Src\Rendering\Texture">
      <UniqueIdentifier>{18e3cc19-030b-4eb9-89c7-f8f94e14b89a}</UniqueIdentifier>
    </Filter>
    <Filter Include="Includes">
      <UniqueIdentifier>{f41ecde8-b268-4638-b8d8-379945c6bac4}</UniqueIdentifier>
    </Filter>
    <Filter Include="Src\Graphics\CommandQueue">
      <UniqueIdentifier>{37e547fe-28ac-40b1-a234-2ce13a8f7125}</UniqueIdentifier>
    </Filter>
    <Filter Include="Src\Graphics\CommandQueue\Common">
      <UniqueIdentifier>{fc0f5701-1d24-46f5-b40b-6a0a6df97cfc}</UniqueIdentifier>
    </Filter>
    <Filter Include="Src\Graphics\CommandQueue\Vulkan">
      <UniqueIdentifier>{30a259c7-af51-4745-9202-3e9a7a330095}</UniqueIdentifier>
    </Filter>
    <Filter Include="Src\Graphics\CommandQueueFamily">
      <UniqueIdentifier>{b714c320-519e-4284-b142-17436f87c3c9}</UniqueIdentifier>
    </Filter>
    <Filter Include="Src\Graphics\CommandQueueFamily\Common">
      <UniqueIdentifier>{0216bdaa-9cd0-46ce-b22b-09216f609cb4}</UniqueIdentifier>
    </Filter>
    <Filter Include="Src\Graphics\CommandQueueFamily\Vulkan">
      <UniqueIdentifier>{dd8e3959-023b-4db4-854c-3154cb452e0c}</UniqueIdentifier>
    </Filter>
  </ItemGroup>
  <ItemGroup>
    <ClCompile Include="..\Main\EngineMain.cpp">
      <Filter>Src\Main</Filter>
    </ClCompile>
    <ClCompile Include="..\Application\Application.cpp">
      <Filter>Src\Application</Filter>
    </ClCompile>
    <ClCompile Include="..\Utils\GameTimer\GameTimer.cpp">
      <Filter>Src\Utils\GameTimer</Filter>
    </ClCompile>
    <ClCompile Include="..\Application\Win32\Win32Application.cpp">
      <Filter>Src\Application\Win32</Filter>
    </ClCompile>
    <ClCompile Include="..\Application\Orbis\OrbisApplication.cpp">
      <Filter>Src\Application\Orbis</Filter>
    </ClCompile>
    <ClCompile Include="..\Application\Common\CommonApplication.cpp">
      <Filter>Src\Application\Common</Filter>
    </ClCompile>
    <ClCompile Include="..\Debug\Log\DebugLog.cpp">
      <Filter>Src\Debug\Log</Filter>
    </ClCompile>
    <ClCompile Include="..\Graphics\Manager\Common\CommonGraphicsManager.cpp">
      <Filter>Src\Graphics\Manager\Common</Filter>
    </ClCompile>
    <ClCompile Include="..\Graphics\Manager\GraphicsManager.cpp">
      <Filter>Src\Graphics\Manager</Filter>
    </ClCompile>
    <ClCompile Include="..\Graphics\Manager\Vulkan\VulkanGraphicsManager.cpp">
      <Filter>Src\Graphics\Manager\Vulkan</Filter>
    </ClCompile>
    <ClCompile Include="..\Graphics\Manager\D3D11\D3D11GraphicsManager.cpp">
      <Filter>Src\Graphics\Manager\D3D11</Filter>
    </ClCompile>
    <ClCompile Include="..\OSWindow\Common\CommonOSWindow.cpp">
      <Filter>Src\OSWindow\Common</Filter>
    </ClCompile>
    <ClCompile Include="..\OSWindow\Win32\Win32OSWindow.cpp">
      <Filter>Src\OSWindow\Win32</Filter>
    </ClCompile>
    <ClCompile Include="..\OSWindow\OSWindow.cpp">
      <Filter>Src\OSWindow</Filter>
    </ClCompile>
    <ClCompile Include="..\Graphics\Swapchain\Common\CommonSwapchain.cpp">
      <Filter>Src\Graphics\Swapchain\Common</Filter>
    </ClCompile>
    <ClCompile Include="..\Graphics\Swapchain\Vulkan\VulkanSwapchain.cpp">
      <Filter>Src\Graphics\Swapchain\Vulkan</Filter>
    </ClCompile>
    <ClCompile Include="..\Graphics\Device\RenderDevice.cpp">
      <Filter>Src\Graphics\Device</Filter>
    </ClCompile>
    <ClCompile Include="..\Graphics\Device\Vulkan\VulkanRenderDevice.cpp">
      <Filter>Src\Graphics\Device\Vulkan</Filter>
    </ClCompile>
    <ClCompile Include="..\Graphics\Device\Common\CommonRenderDevice.cpp">
      <Filter>Src\Graphics\Device\Common</Filter>
    </ClCompile>
    <ClCompile Include="..\Graphics\Instance\Common\CommonRenderInstance.cpp">
      <Filter>Src\Graphics\Instance\Common</Filter>
    </ClCompile>
    <ClCompile Include="..\Graphics\Instance\Vulkan\VulkanRenderInstance.cpp">
      <Filter>Src\Graphics\Instance\Vulkan</Filter>
    </ClCompile>
    <ClCompile Include="..\Graphics\Instance\RenderInstance.cpp">
      <Filter>Src\Graphics\Instance</Filter>
    </ClCompile>
    <ClCompile Include="..\Graphics\Swapchain\Swapchain.cpp">
      <Filter>Src\Graphics\Swapchain</Filter>
    </ClCompile>
    <ClCompile Include="..\Config\VulkanConfig.cpp">
      <Filter>Engine Config</Filter>
    </ClCompile>
    <ClCompile Include="..\Graphics\RenderCommandBuffer\RenderCommandBuffer.cpp">
      <Filter>Src\Graphics\RenderCommand Buffer</Filter>
    </ClCompile>
    <ClCompile Include="..\Graphics\RenderCommandBuffer\Common\CommonRenderCommandBuffer.cpp">
      <Filter>Src\Graphics\RenderCommand Buffer\Common</Filter>
    </ClCompile>
    <ClCompile Include="..\Graphics\RenderCommandBuffer\Vulkan\VulkanRenderCommandBuffer.cpp">
      <Filter>Src\Graphics\RenderCommand Buffer\Vulkan</Filter>
    </ClCompile>
    <ClCompile Include="..\Graphics\CommandBufferPool\Common\CommonCommandBufferPool.cpp">
      <Filter>Src\Graphics\CommandBufferPool\Common</Filter>
    </ClCompile>
    <ClCompile Include="..\Graphics\CommandBufferPool\Vulkan\VulkanCommandBufferPool.cpp">
      <Filter>Src\Graphics\CommandBufferPool\Vulkan</Filter>
    </ClCompile>
    <ClCompile Include="..\Graphics\CommandBufferPool\CommandBufferPool.cpp">
      <Filter>Src\Graphics\CommandBufferPool</Filter>
    </ClCompile>
    <ClCompile Include="..\Graphics\CommandQueueFamily\CommandQueueFamily.cpp">
      <Filter>Src\Graphics\CommandQueueFamily</Filter>
    </ClCompile>
    <ClCompile Include="..\Graphics\CommandQueueFamily\Common\CommonCommandQueueFamily.cpp">
      <Filter>Src\Graphics\CommandQueueFamily\Common</Filter>
    </ClCompile>
    <ClCompile Include="..\Graphics\CommandQueueFamily\Vulkan\VulkanCommandQueueFamily.cpp">
      <Filter>Src\Graphics\CommandQueueFamily\Vulkan</Filter>
    </ClCompile>
    <ClCompile Include="..\Graphics\CommandQueue\CommandQueue.cpp">
      <Filter>Src\Graphics\CommandQueue</Filter>
    </ClCompile>
    <ClCompile Include="..\Graphics\CommandQueue\Common\CommonCommandQueue.cpp">
      <Filter>Src\Graphics\CommandQueue\Common</Filter>
    </ClCompile>
    <ClCompile Include="..\Graphics\CommandQueue\Vulkan\VulkanCommandQueue.cpp">
      <Filter>Src\Graphics\CommandQueue\Vulkan</Filter>
    </ClCompile>
  </ItemGroup>
  <ItemGroup>
    <ClInclude Include="..\Main\EngineStd.h">
      <Filter>Src\Main</Filter>
    </ClInclude>
    <ClInclude Include="..\Application\Application.h">
      <Filter>Src\Application</Filter>
    </ClInclude>
    <ClInclude Include="..\Utils\GameTimer\GameTimer.h">
      <Filter>Src\Utils\GameTimer</Filter>
    </ClInclude>
    <ClInclude Include="..\Config\EngineConfig.h">
      <Filter>Engine Config</Filter>
    </ClInclude>
    <ClInclude Include="..\Application\Win32\Win32Application.h">
      <Filter>Src\Application\Win32</Filter>
    </ClInclude>
    <ClInclude Include="..\Application\Orbis\OrbisApplication.h">
      <Filter>Src\Application\Orbis</Filter>
    </ClInclude>
    <ClInclude Include="..\Application\Common\CommonApplication.h">
      <Filter>Src\Application\Common</Filter>
    </ClInclude>
    <ClInclude Include="..\Debug\Log\DebugLog.h">
      <Filter>Src\Debug\Log</Filter>
    </ClInclude>
    <ClInclude Include="..\Graphics\Manager\Common\CommonGraphicsManager.h">
      <Filter>Src\Graphics\Manager\Common</Filter>
    </ClInclude>
    <ClInclude Include="..\Graphics\Manager\GraphicsManager.h">
      <Filter>Src\Graphics\Manager</Filter>
    </ClInclude>
    <ClInclude Include="..\Graphics\Manager\Vulkan\VulkanGraphicsManager.h">
      <Filter>Src\Graphics\Manager\Vulkan</Filter>
    </ClInclude>
    <ClInclude Include="..\Graphics\Manager\D3D11\D3D11GraphicsManager.h">
      <Filter>Src\Graphics\Manager\D3D11</Filter>
    </ClInclude>
    <ClInclude Include="..\Config\VulkanConfig.h">
      <Filter>Engine Config</Filter>
    </ClInclude>
    <ClInclude Include="..\Config\Win32Config.h">
      <Filter>Engine Config</Filter>
    </ClInclude>
    <ClInclude Include="..\OSWindow\Common\CommonOSWindow.h">
      <Filter>Src\OSWindow\Common</Filter>
    </ClInclude>
    <ClInclude Include="..\OSWindow\Win32\Win32OSWindow.h">
      <Filter>Src\OSWindow\Win32</Filter>
    </ClInclude>
    <ClInclude Include="..\OSWindow\OSWindow.h">
      <Filter>Src\OSWindow</Filter>
    </ClInclude>
    <ClInclude Include="..\Graphics\Swapchain\Common\CommonSwapchain.h">
      <Filter>Src\Graphics\Swapchain\Common</Filter>
    </ClInclude>
    <ClInclude Include="..\Graphics\Swapchain\Vulkan\VulkanSwapchain.h">
      <Filter>Src\Graphics\Swapchain\Vulkan</Filter>
    </ClInclude>
    <ClInclude Include="..\Graphics\Device\RenderDevice.h">
      <Filter>Src\Graphics\Device</Filter>
    </ClInclude>
    <ClInclude Include="..\Graphics\Device\Vulkan\VulkanRenderDevice.h">
      <Filter>Src\Graphics\Device\Vulkan</Filter>
    </ClInclude>
    <ClInclude Include="..\Graphics\Device\Common\CommonRenderDevice.h">
      <Filter>Src\Graphics\Device\Common</Filter>
    </ClInclude>
    <ClInclude Include="..\Graphics\Instance\Common\CommonRenderInstance.h">
      <Filter>Src\Graphics\Instance\Common</Filter>
    </ClInclude>
    <ClInclude Include="..\Graphics\Instance\Vulkan\VulkanRenderInstance.h">
      <Filter>Src\Graphics\Instance\Vulkan</Filter>
    </ClInclude>
    <ClInclude Include="..\Graphics\Instance\RenderInstance.h">
      <Filter>Src\Graphics\Instance</Filter>
    </ClInclude>
    <ClInclude Include="..\Graphics\Swapchain\Swapchain.h">
      <Filter>Src\Graphics\Swapchain</Filter>
    </ClInclude>
    <ClInclude Include="..\Graphics\RenderCommandBuffer\RenderCommandBuffer.h">
      <Filter>Src\Graphics\RenderCommand Buffer</Filter>
    </ClInclude>
    <ClInclude Include="..\Graphics\RenderCommandBuffer\Common\CommonRenderCommandBuffer.h">
      <Filter>Src\Graphics\RenderCommand Buffer\Common</Filter>
    </ClInclude>
    <ClInclude Include="..\Graphics\RenderCommandBuffer\Vulkan\VulkanRenderCommandBuffer.h">
      <Filter>Src\Graphics\RenderCommand Buffer\Vulkan</Filter>
    </ClInclude>
    <ClInclude Include="..\Graphics\CommandBufferPool\Common\CommonCommandBufferPool.h">
      <Filter>Src\Graphics\CommandBufferPool\Common</Filter>
    </ClInclude>
    <ClInclude Include="..\Graphics\CommandBufferPool\Vulkan\VulkanCommandBufferPool.h">
      <Filter>Src\Graphics\CommandBufferPool\Vulkan</Filter>
    </ClInclude>
    <ClInclude Include="..\Graphics\CommandBufferPool\CommandBufferPool.h">
      <Filter>Src\Graphics\CommandBufferPool</Filter>
    </ClInclude>
    <ClInclude Include="..\Includes\GraphicsIncludes.h">
      <Filter>Includes</Filter>
    </ClInclude>
    <ClInclude Include="..\Graphics\CommandQueueFamily\CommandQueueFamily.h">
      <Filter>Src\Graphics\CommandQueueFamily</Filter>
    </ClInclude>
    <ClInclude Include="..\Graphics\CommandQueueFamily\Common\CommonCommandQueueFamily.h">
      <Filter>Src\Graphics\CommandQueueFamily\Common</Filter>
    </ClInclude>
    <ClInclude Include="..\Graphics\CommandQueueFamily\Vulkan\VulkanCommandQueueFamily.h">
      <Filter>Src\Graphics\CommandQueueFamily\Vulkan</Filter>
    </ClInclude>
    <ClInclude Include="..\Graphics\CommandQueue\CommandQueue.h">
      <Filter>Src\Graphics\CommandQueue</Filter>
    </ClInclude>
    <ClInclude Include="..\Graphics\CommandQueue\Common\CommonCommandQueue.h">
      <Filter>Src\Graphics\CommandQueue\Common</Filter>
    </ClInclude>
    <ClInclude Include="..\Graphics\CommandQueue\Vulkan\VulkanCommandQueue.h">
      <Filter>Src\Graphics\CommandQueue\Vulkan</Filter>
    </ClInclude>
  </ItemGroup>
</Project>