<?xml version="1.0" encoding="utf-8"?>
<Project ToolsVersion="4.0" xmlns="http://schemas.microsoft.com/developer/msbuild/2003">
  <ItemGroup>
    <Filter Include="Src">
      <UniqueIdentifier>{9fed1b46-d8c3-4d59-9c81-e420b2c2ece2}</UniqueIdentifier>
    </Filter>
    <Filter Include="Src\Main">
      <UniqueIdentifier>{202e27de-3ffe-4d54-8ff8-000124fcc3fd}</UniqueIdentifier>
    </Filter>
    <Filter Include="Src\Application">
      <UniqueIdentifier>{9e01e7fd-e18d-46e8-8ddb-738942fd056f}</UniqueIdentifier>
    </Filter>
    <Filter Include="Src\Utils">
      <UniqueIdentifier>{1cf84165-d8e1-4b58-96b9-aaf59b949e0c}</UniqueIdentifier>
    </Filter>
    <Filter Include="Src\Utils\GameTimer">
      <UniqueIdentifier>{c115b14e-d84a-4cfa-a491-82eed54ad57a}</UniqueIdentifier>
    </Filter>
    <Filter Include="Src\Graphics">
      <UniqueIdentifier>{e50f110a-07b2-4089-a4f6-8babcaf9a3c4}</UniqueIdentifier>
    </Filter>
    <Filter Include="Src\Graphics\Manager">
      <UniqueIdentifier>{3e240ec2-235b-48a7-9083-dc046111c077}</UniqueIdentifier>
    </Filter>
    <Filter Include="Src\Graphics\Texture2D">
      <UniqueIdentifier>{f388de51-4e07-43be-baef-ab931599c5ae}</UniqueIdentifier>
    </Filter>
    <Filter Include="Src\Graphics\Mesh">
      <UniqueIdentifier>{c65af4e6-3987-46d4-856e-648fbaac77db}</UniqueIdentifier>
    </Filter>
    <Filter Include="Src\Graphics\Shader">
      <UniqueIdentifier>{7cb17b67-6878-4c9b-ad59-3eae43fc7276}</UniqueIdentifier>
    </Filter>
    <Filter Include="Engine Config">
      <UniqueIdentifier>{aa0a4e36-46de-4e53-a751-0736d5414f9c}</UniqueIdentifier>
    </Filter>
    <Filter Include="Src\Application\Orbis">
      <UniqueIdentifier>{f7fef0e1-2ad4-4ed3-abcf-3e32b4909408}</UniqueIdentifier>
    </Filter>
    <Filter Include="Src\Application\Win32">
      <UniqueIdentifier>{d1f6bf8c-0647-42d6-a357-02623365cd93}</UniqueIdentifier>
    </Filter>
    <Filter Include="Src\Application\Common">
      <UniqueIdentifier>{f48f99c7-8357-4ff5-8bd5-9ecf987d70dd}</UniqueIdentifier>
    </Filter>
    <Filter Include="Src\Debug">
      <UniqueIdentifier>{89c77d83-7144-43cf-a5cb-3ac50a0f107b}</UniqueIdentifier>
    </Filter>
    <Filter Include="Src\Debug\Log">
      <UniqueIdentifier>{6445d5da-54d6-40bf-a64a-aab0d830d03e}</UniqueIdentifier>
    </Filter>
    <Filter Include="Src\Graphics\Manager\Common">
      <UniqueIdentifier>{ef3f3f46-5729-43e9-bbb4-b0968d41ca4f}</UniqueIdentifier>
    </Filter>
    <Filter Include="Src\Graphics\Manager\Vulkan">
      <UniqueIdentifier>{f53f4e19-2eb4-4795-b20d-53b7f0106b41}</UniqueIdentifier>
    </Filter>
    <Filter Include="Src\Graphics\Manager\GNM">
      <UniqueIdentifier>{c511a193-4021-4e12-b1fe-499827dba984}</UniqueIdentifier>
    </Filter>
    <Filter Include="Src\Graphics\Manager\D3D11">
      <UniqueIdentifier>{3fce95ef-9e82-4726-90ed-1c1fafd15511}</UniqueIdentifier>
    </Filter>
    <Filter Include="Src\Graphics\Manager\D3D12">
      <UniqueIdentifier>{ec829b90-319f-4fbf-af81-76d08e88dddf}</UniqueIdentifier>
    </Filter>
    <Filter Include="Src\Graphics\Manager\OpenGL">
      <UniqueIdentifier>{98b17905-1015-45c4-bf12-3fcd83cdb90d}</UniqueIdentifier>
    </Filter>
  </ItemGroup>
  <ItemGroup>
    <ClCompile Include="..\Main\EngineMain.cpp">
      <Filter>Src\Main</Filter>
    </ClCompile>
    <ClCompile Include="..\Application\Application.cpp">
      <Filter>Src\Application</Filter>
    </ClCompile>
    <ClCompile Include="..\Utils\GameTimer\GameTimer.cpp">
      <Filter>Src\Utils\GameTimer</Filter>
    </ClCompile>
    <ClCompile Include="..\Application\Win32\Win32Application.cpp">
      <Filter>Src\Application\Win32</Filter>
    </ClCompile>
    <ClCompile Include="..\Application\Orbis\OrbisApplication.cpp">
      <Filter>Src\Application\Orbis</Filter>
    </ClCompile>
    <ClCompile Include="..\Application\Common\CommonApplication.cpp">
      <Filter>Src\Application\Common</Filter>
    </ClCompile>
    <ClCompile Include="..\Debug\Log\DebugLog.cpp">
      <Filter>Src\Debug\Log</Filter>
    </ClCompile>
    <ClCompile Include="..\Graphics\Manager\Common\CommonGraphicsManager.cpp">
      <Filter>Src\Graphics\Manager\Common</Filter>
    </ClCompile>
    <ClCompile Include="..\Graphics\Manager\GraphicsManager.cpp">
      <Filter>Src\Graphics\Manager</Filter>
    </ClCompile>
    <ClCompile Include="..\Graphics\Manager\Vulkan\VulkanGraphicsManager.cpp">
      <Filter>Src\Graphics\Manager\Vulkan</Filter>
    </ClCompile>
    <ClCompile Include="..\Graphics\Manager\D3D11\D3D11GraphicsManager.cpp">
      <Filter>Src\Graphics\Manager\D3D11</Filter>
    </ClCompile>
  </ItemGroup>
  <ItemGroup>
    <ClInclude Include="..\Main\EngineStd.h">
      <Filter>Src\Main</Filter>
    </ClInclude>
    <ClInclude Include="..\Application\Application.h">
      <Filter>Src\Application</Filter>
    </ClInclude>
    <ClInclude Include="..\Utils\GameTimer\GameTimer.h">
      <Filter>Src\Utils\GameTimer</Filter>
    </ClInclude>
    <ClInclude Include="..\Config\EngineConfig.h">
      <Filter>Engine Config</Filter>
    </ClInclude>
    <ClInclude Include="..\Application\Win32\Win32Application.h">
      <Filter>Src\Application\Win32</Filter>
    </ClInclude>
    <ClInclude Include="..\Application\Orbis\OrbisApplication.h">
      <Filter>Src\Application\Orbis</Filter>
    </ClInclude>
    <ClInclude Include="..\Application\Common\CommonApplication.h">
      <Filter>Src\Application\Common</Filter>
    </ClInclude>
    <ClInclude Include="..\Debug\Log\DebugLog.h">
      <Filter>Src\Debug\Log</Filter>
    </ClInclude>
    <ClInclude Include="..\Graphics\Manager\Common\CommonGraphicsManager.h">
      <Filter>Src\Graphics\Manager\Common</Filter>
    </ClInclude>
    <ClInclude Include="..\Graphics\Manager\GraphicsManager.h">
      <Filter>Src\Graphics\Manager</Filter>
    </ClInclude>
    <ClInclude Include="..\Graphics\Manager\Vulkan\VulkanGraphicsManager.h">
      <Filter>Src\Graphics\Manager\Vulkan</Filter>
    </ClInclude>
    <ClInclude Include="..\Graphics\Manager\D3D11\D3D11GraphicsManager.h">
      <Filter>Src\Graphics\Manager\D3D11</Filter>
    </ClInclude>
    <ClInclude Include="..\Config\VulkanConfig.h">
      <Filter>Engine Config</Filter>
    </ClInclude>
    <ClInclude Include="..\Config\Win32Config.h">
      <Filter>Engine Config</Filter>
    </ClInclude>
  </ItemGroup>
</Project>